
Microsoft Visual Studio Solution File, Format Version 12.00
# Visual Studio Version 17
VisualStudioVersion = 17.12.35514.174
MinimumVisualStudioVersion = 10.0.40219.1
Project("{2150E333-8FDC-42A3-9474-1A3956D46DE8}") = "Audio.GateWay", "Audio.GateWay", "{297F4397-70FC-4EE2-B34A-8F8ABE13A770}"
EndProject
Project("{2150E333-8FDC-42A3-9474-1A3956D46DE8}") = "Audio.WebApi", "Audio.WebApi", "{9C245E66-F070-46F5-807A-0D7BD94576A8}"
EndProject
Project("{2150E333-8FDC-42A3-9474-1A3956D46DE8}") = "Audio.Identity", "Audio.Identity", "{265FC277-289C-4B45-8733-FAEDCA9800F0}"
EndProject
Project("{2150E333-8FDC-42A3-9474-1A3956D46DE8}") = "Core", "Core", "{B68D0EAA-800D-4766-9BC4-CDA3CE98E99C}"
EndProject
Project("{2150E333-8FDC-42A3-9474-1A3956D46DE8}") = "Infrastructure", "Infrastructure", "{7A37B359-1041-4E4E-AE6B-A45580E89D3E}"
EndProject
Project("{2150E333-8FDC-42A3-9474-1A3956D46DE8}") = "Solution Items", "Solution Items", "{6E79D024-4EE2-4438-A9F2-C2C99D12D779}"
	ProjectSection(SolutionItems) = preProject
		docker-compose.yml = docker-compose.yml
	EndProjectSection
EndProject
Project("{2150E333-8FDC-42A3-9474-1A3956D46DE8}") = "Core", "Core", "{3915D70F-A8A3-4EFE-BC8C-0921A5CBE1BB}"
EndProject
Project("{2150E333-8FDC-42A3-9474-1A3956D46DE8}") = "Infrastructure", "Infrastructure", "{BEE0CE48-89C2-4C1A-BDA5-EE97F1FCFEF6}"
EndProject
Project("{FAE04EC0-301F-11D3-BF4B-00C04F79EFBC}") = "Application", "Audio.Identity\Core\Application\Application.csproj", "{183DF97E-6BA2-4A60-B2E1-A98F0107D28C}"
EndProject
Project("{FAE04EC0-301F-11D3-BF4B-00C04F79EFBC}") = "Domain", "Audio.Identity\Core\Domain\Domain.csproj", "{7BB09A69-C876-44F8-B15A-ADDB0FA7C62F}"
EndProject
Project("{FAE04EC0-301F-11D3-BF4B-00C04F79EFBC}") = "Infrastructure", "Audio.Identity\Infrastructure\Infrastructure\Infrastructure.csproj", "{B57E7B88-B4EE-4C4D-9569-9B5D9177F0F3}"
EndProject
Project("{FAE04EC0-301F-11D3-BF4B-00C04F79EFBC}") = "Persistence", "Audio.Identity\Infrastructure\Persistence\Persistence.csproj", "{A36CE3B7-2BEE-4FAD-92B0-170965A61A4D}"
EndProject
Project("{2150E333-8FDC-42A3-9474-1A3956D46DE8}") = "Presentation", "Presentation", "{A542AC53-59A8-415F-8540-303880EDB449}"
EndProject
Project("{FAE04EC0-301F-11D3-BF4B-00C04F79EFBC}") = "IdentityWebApi", "Audio.Identity\Presentation\IdentityWebApi\IdentityWebApi.csproj", "{A641836E-9837-41FA-8329-A147267A3870}"
EndProject
Project("{FAE04EC0-301F-11D3-BF4B-00C04F79EFBC}") = "Application", "Audio.WebApi\Core\Application\Application.csproj", "{391C0C6E-663C-4EEC-B417-1E203CA30EE5}"
EndProject
Project("{FAE04EC0-301F-11D3-BF4B-00C04F79EFBC}") = "Domain", "Audio.WebApi\Core\Domain\Domain.csproj", "{19B7278B-3760-4C3A-87A2-CB7EAD6FCAEB}"
EndProject
Project("{FAE04EC0-301F-11D3-BF4B-00C04F79EFBC}") = "Infrastructure", "Audio.WebApi\Infrastructure\Infrastructure\Infrastructure.csproj", "{E9256434-FC1B-4B1F-B1EA-891DC5296045}"
EndProject
Project("{FAE04EC0-301F-11D3-BF4B-00C04F79EFBC}") = "Persistence", "Audio.WebApi\Infrastructure\Persistence\Persistence.csproj", "{2A557816-515C-4A4C-B1E1-01AFEF69FC6B}"
EndProject
Project("{FAE04EC0-301F-11D3-BF4B-00C04F79EFBC}") = "Audio.ApiGateWay", "Audio.ApiGateWay\Audio.ApiGateWay.csproj", "{FACA5445-3F91-424E-9B6B-6C9D6C84803F}"
EndProject
Project("{2150E333-8FDC-42A3-9474-1A3956D46DE8}") = "Presentation", "Presentation", "{67040477-08C3-4789-9E12-4DCC1F79E57B}"
EndProject
Project("{FAE04EC0-301F-11D3-BF4B-00C04F79EFBC}") = "AudioAppWebApi", "Audio.WebApi\Presentation\AudioAppWebApi\AudioAppWebApi.csproj", "{65B04380-A953-4B7A-8A31-33D82CF69CA1}"
EndProject
Project("{54A90642-561A-4BB1-A94E-469ADEE60C69}") = "audioui", "AudioUI\audioui.esproj", "{4449B2AF-6712-4B92-86AE-D9518F859DBB}"
EndProject
Global
	GlobalSection(SolutionConfigurationPlatforms) = preSolution
		Debug|Any CPU = Debug|Any CPU
		Release|Any CPU = Release|Any CPU
	EndGlobalSection
	GlobalSection(ProjectConfigurationPlatforms) = postSolution
		{183DF97E-6BA2-4A60-B2E1-A98F0107D28C}.Debug|Any CPU.ActiveCfg = Debug|Any CPU
		{183DF97E-6BA2-4A60-B2E1-A98F0107D28C}.Debug|Any CPU.Build.0 = Debug|Any CPU
		{183DF97E-6BA2-4A60-B2E1-A98F0107D28C}.Release|Any CPU.ActiveCfg = Release|Any CPU
		{183DF97E-6BA2-4A60-B2E1-A98F0107D28C}.Release|Any CPU.Build.0 = Release|Any CPU
		{7BB09A69-C876-44F8-B15A-ADDB0FA7C62F}.Debug|Any CPU.ActiveCfg = Debug|Any CPU
		{7BB09A69-C876-44F8-B15A-ADDB0FA7C62F}.Debug|Any CPU.Build.0 = Debug|Any CPU
		{7BB09A69-C876-44F8-B15A-ADDB0FA7C62F}.Release|Any CPU.ActiveCfg = Release|Any CPU
		{7BB09A69-C876-44F8-B15A-ADDB0FA7C62F}.Release|Any CPU.Build.0 = Release|Any CPU
		{B57E7B88-B4EE-4C4D-9569-9B5D9177F0F3}.Debug|Any CPU.ActiveCfg = Debug|Any CPU
		{B57E7B88-B4EE-4C4D-9569-9B5D9177F0F3}.Debug|Any CPU.Build.0 = Debug|Any CPU
		{B57E7B88-B4EE-4C4D-9569-9B5D9177F0F3}.Release|Any CPU.ActiveCfg = Release|Any CPU
		{B57E7B88-B4EE-4C4D-9569-9B5D9177F0F3}.Release|Any CPU.Build.0 = Release|Any CPU
		{A36CE3B7-2BEE-4FAD-92B0-170965A61A4D}.Debug|Any CPU.ActiveCfg = Debug|Any CPU
		{A36CE3B7-2BEE-4FAD-92B0-170965A61A4D}.Debug|Any CPU.Build.0 = Debug|Any CPU
		{A36CE3B7-2BEE-4FAD-92B0-170965A61A4D}.Release|Any CPU.ActiveCfg = Release|Any CPU
		{A36CE3B7-2BEE-4FAD-92B0-170965A61A4D}.Release|Any CPU.Build.0 = Release|Any CPU
		{A641836E-9837-41FA-8329-A147267A3870}.Debug|Any CPU.ActiveCfg = Debug|Any CPU
		{A641836E-9837-41FA-8329-A147267A3870}.Debug|Any CPU.Build.0 = Debug|Any CPU
		{A641836E-9837-41FA-8329-A147267A3870}.Release|Any CPU.ActiveCfg = Release|Any CPU
		{A641836E-9837-41FA-8329-A147267A3870}.Release|Any CPU.Build.0 = Release|Any CPU
		{391C0C6E-663C-4EEC-B417-1E203CA30EE5}.Debug|Any CPU.ActiveCfg = Debug|Any CPU
		{391C0C6E-663C-4EEC-B417-1E203CA30EE5}.Debug|Any CPU.Build.0 = Debug|Any CPU
		{391C0C6E-663C-4EEC-B417-1E203CA30EE5}.Release|Any CPU.ActiveCfg = Release|Any CPU
		{391C0C6E-663C-4EEC-B417-1E203CA30EE5}.Release|Any CPU.Build.0 = Release|Any CPU
		{19B7278B-3760-4C3A-87A2-CB7EAD6FCAEB}.Debug|Any CPU.ActiveCfg = Debug|Any CPU
		{19B7278B-3760-4C3A-87A2-CB7EAD6FCAEB}.Debug|Any CPU.Build.0 = Debug|Any CPU
		{19B7278B-3760-4C3A-87A2-CB7EAD6FCAEB}.Release|Any CPU.ActiveCfg = Release|Any CPU
		{19B7278B-3760-4C3A-87A2-CB7EAD6FCAEB}.Release|Any CPU.Build.0 = Release|Any CPU
		{E9256434-FC1B-4B1F-B1EA-891DC5296045}.Debug|Any CPU.ActiveCfg = Debug|Any CPU
		{E9256434-FC1B-4B1F-B1EA-891DC5296045}.Debug|Any CPU.Build.0 = Debug|Any CPU
		{E9256434-FC1B-4B1F-B1EA-891DC5296045}.Release|Any CPU.ActiveCfg = Release|Any CPU
		{E9256434-FC1B-4B1F-B1EA-891DC5296045}.Release|Any CPU.Build.0 = Release|Any CPU
		{2A557816-515C-4A4C-B1E1-01AFEF69FC6B}.Debug|Any CPU.ActiveCfg = Debug|Any CPU
		{2A557816-515C-4A4C-B1E1-01AFEF69FC6B}.Debug|Any CPU.Build.0 = Debug|Any CPU
		{2A557816-515C-4A4C-B1E1-01AFEF69FC6B}.Release|Any CPU.ActiveCfg = Release|Any CPU
		{2A557816-515C-4A4C-B1E1-01AFEF69FC6B}.Release|Any CPU.Build.0 = Release|Any CPU
		{FACA5445-3F91-424E-9B6B-6C9D6C84803F}.Debug|Any CPU.ActiveCfg = Debug|Any CPU
		{FACA5445-3F91-424E-9B6B-6C9D6C84803F}.Debug|Any CPU.Build.0 = Debug|Any CPU
		{FACA5445-3F91-424E-9B6B-6C9D6C84803F}.Release|Any CPU.ActiveCfg = Release|Any CPU
		{FACA5445-3F91-424E-9B6B-6C9D6C84803F}.Release|Any CPU.Build.0 = Release|Any CPU
		{65B04380-A953-4B7A-8A31-33D82CF69CA1}.Debug|Any CPU.ActiveCfg = Debug|Any CPU
		{65B04380-A953-4B7A-8A31-33D82CF69CA1}.Debug|Any CPU.Build.0 = Debug|Any CPU
		{65B04380-A953-4B7A-8A31-33D82CF69CA1}.Release|Any CPU.ActiveCfg = Release|Any CPU
		{65B04380-A953-4B7A-8A31-33D82CF69CA1}.Release|Any CPU.Build.0 = Release|Any CPU
		{4449B2AF-6712-4B92-86AE-D9518F859DBB}.Debug|Any CPU.ActiveCfg = Debug|Any CPU
		{4449B2AF-6712-4B92-86AE-D9518F859DBB}.Debug|Any CPU.Build.0 = Debug|Any CPU
		{4449B2AF-6712-4B92-86AE-D9518F859DBB}.Debug|Any CPU.Deploy.0 = Debug|Any CPU
		{4449B2AF-6712-4B92-86AE-D9518F859DBB}.Release|Any CPU.ActiveCfg = Release|Any CPU
		{4449B2AF-6712-4B92-86AE-D9518F859DBB}.Release|Any CPU.Build.0 = Release|Any CPU
		{4449B2AF-6712-4B92-86AE-D9518F859DBB}.Release|Any CPU.Deploy.0 = Release|Any CPU
	EndGlobalSection
	GlobalSection(SolutionProperties) = preSolution
		HideSolutionNode = FALSE
	EndGlobalSection
	GlobalSection(NestedProjects) = preSolution
		{B68D0EAA-800D-4766-9BC4-CDA3CE98E99C} = {265FC277-289C-4B45-8733-FAEDCA9800F0}
		{7A37B359-1041-4E4E-AE6B-A45580E89D3E} = {265FC277-289C-4B45-8733-FAEDCA9800F0}
		{3915D70F-A8A3-4EFE-BC8C-0921A5CBE1BB} = {9C245E66-F070-46F5-807A-0D7BD94576A8}
		{BEE0CE48-89C2-4C1A-BDA5-EE97F1FCFEF6} = {9C245E66-F070-46F5-807A-0D7BD94576A8}
		{183DF97E-6BA2-4A60-B2E1-A98F0107D28C} = {B68D0EAA-800D-4766-9BC4-CDA3CE98E99C}
		{7BB09A69-C876-44F8-B15A-ADDB0FA7C62F} = {B68D0EAA-800D-4766-9BC4-CDA3CE98E99C}
		{B57E7B88-B4EE-4C4D-9569-9B5D9177F0F3} = {7A37B359-1041-4E4E-AE6B-A45580E89D3E}
		{A36CE3B7-2BEE-4FAD-92B0-170965A61A4D} = {7A37B359-1041-4E4E-AE6B-A45580E89D3E}
		{A542AC53-59A8-415F-8540-303880EDB449} = {265FC277-289C-4B45-8733-FAEDCA9800F0}
		{A641836E-9837-41FA-8329-A147267A3870} = {A542AC53-59A8-415F-8540-303880EDB449}
		{391C0C6E-663C-4EEC-B417-1E203CA30EE5} = {3915D70F-A8A3-4EFE-BC8C-0921A5CBE1BB}
		{19B7278B-3760-4C3A-87A2-CB7EAD6FCAEB} = {3915D70F-A8A3-4EFE-BC8C-0921A5CBE1BB}
		{E9256434-FC1B-4B1F-B1EA-891DC5296045} = {BEE0CE48-89C2-4C1A-BDA5-EE97F1FCFEF6}
		{2A557816-515C-4A4C-B1E1-01AFEF69FC6B} = {BEE0CE48-89C2-4C1A-BDA5-EE97F1FCFEF6}
		{FACA5445-3F91-424E-9B6B-6C9D6C84803F} = {297F4397-70FC-4EE2-B34A-8F8ABE13A770}
		{67040477-08C3-4789-9E12-4DCC1F79E57B} = {9C245E66-F070-46F5-807A-0D7BD94576A8}
		{65B04380-A953-4B7A-8A31-33D82CF69CA1} = {67040477-08C3-4789-9E12-4DCC1F79E57B}
	EndGlobalSection
EndGlobal
